
Microsoft Visual Studio Solution File, Format Version 10.00
# Visual Studio 2008
Project("{FAE04EC0-301F-11D3-BF4B-00C04F79EFBC}") = "Client", "Client\Client.csproj", "{3790F912-3C83-4C3C-B053-1F323F21B37A}"
EndProject
Project("{FAE04EC0-301F-11D3-BF4B-00C04F79EFBC}") = "CommonTypes", "CommonTypes\CommonTypes.csproj", "{9A6E5701-5E94-466C-B395-14416EE29BEC}"
EndProject
Project("{FAE04EC0-301F-11D3-BF4B-00C04F79EFBC}") = "Server", "Server\Server.csproj", "{97ACBF32-3B9F-423F-9081-C0613DCEAC8D}"
EndProject
Global
	GlobalSection(SolutionConfigurationPlatforms) = preSolution
		Debug|Any CPU = Debug|Any CPU
		Release|Any CPU = Release|Any CPU
	EndGlobalSection
	GlobalSection(ProjectConfigurationPlatforms) = postSolution
		{3790F912-3C83-4C3C-B053-1F323F21B37A}.Debug|Any CPU.ActiveCfg = Debug|Any CPU
		{3790F912-3C83-4C3C-B053-1F323F21B37A}.Debug|Any CPU.Build.0 = Debug|Any CPU
		{3790F912-3C83-4C3C-B053-1F323F21B37A}.Release|Any CPU.ActiveCfg = Release|Any CPU
		{3790F912-3C83-4C3C-B053-1F323F21B37A}.Release|Any CPU.Build.0 = Release|Any CPU
		{9A6E5701-5E94-466C-B395-14416EE29BEC}.Debug|Any CPU.ActiveCfg = Debug|Any CPU
		{9A6E5701-5E94-466C-B395-14416EE29BEC}.Debug|Any CPU.Build.0 = Debug|Any CPU
		{9A6E5701-5E94-466C-B395-14416EE29BEC}.Release|Any CPU.ActiveCfg = Release|Any CPU
		{9A6E5701-5E94-466C-B395-14416EE29BEC}.Release|Any CPU.Build.0 = Release|Any CPU
		{97ACBF32-3B9F-423F-9081-C0613DCEAC8D}.Debug|Any CPU.ActiveCfg = Debug|Any CPU
		{97ACBF32-3B9F-423F-9081-C0613DCEAC8D}.Debug|Any CPU.Build.0 = Debug|Any CPU
		{97ACBF32-3B9F-423F-9081-C0613DCEAC8D}.Release|Any CPU.ActiveCfg = Release|Any CPU
		{97ACBF32-3B9F-423F-9081-C0613DCEAC8D}.Release|Any CPU.Build.0 = Release|Any CPU
	EndGlobalSection
	GlobalSection(SolutionProperties) = preSolution
		HideSolutionNode = FALSE
	EndGlobalSection
EndGlobal
